{
  "name": "zanquerytest",
  "lockfileVersion": 2,
  "requires": true,
  "packages": {
    "": {
      "dependencies": {
        "iso-3166-1": "^2.1.1"
      }
    },
    "node_modules/iso-3166-1": {
      "version": "2.1.1",
      "resolved": "https://registry.npmjs.org/iso-3166-1/-/iso-3166-1-2.1.1.tgz",
      "integrity": "sha512-RZxXf8cw5Y8LyHZIwIRvKw8sWTIHh2/txBT+ehO0QroesVfnz3JNFFX4i/OC/Yuv2bDIVYrHna5PMvjtpefq5w=="
    }
  },
  "dependencies": {
    "iso-3166-1": {
      "version": "2.1.1",
      "resolved": "https://registry.npmjs.org/iso-3166-1/-/iso-3166-1-2.1.1.tgz",
      "integrity": "sha512-RZxXf8cw5Y8LyHZIwIRvKw8sWTIHh2/txBT+ehO0QroesVfnz3JNFFX4i/OC/Yuv2bDIVYrHna5PMvjtpefq5w=="
    }
  }
}
